
Microsoft Visual Studio Solution File, Format Version 12.00
# Visual Studio 15
VisualStudioVersion = 15.0.28307.136
MinimumVisualStudioVersion = 10.0.40219.1
Project("{FAE04EC0-301F-11D3-BF4B-00C04F79EFBC}") = "pingping", "pingping\pingping.csproj", "{8F13CA46-4580-4AC2-A80B-7533511E1CF2}"
EndProject
Project("{FAE04EC0-301F-11D3-BF4B-00C04F79EFBC}") = "Modal", "Modal\Modal.csproj", "{3F76DB48-A6FC-46DC-924E-DC5DE2AB2412}"
EndProject
Global
	GlobalSection(SolutionConfigurationPlatforms) = preSolution
		Debug|Any CPU = Debug|Any CPU
		Release|Any CPU = Release|Any CPU
	EndGlobalSection
	GlobalSection(ProjectConfigurationPlatforms) = postSolution
		{8F13CA46-4580-4AC2-A80B-7533511E1CF2}.Debug|Any CPU.ActiveCfg = Debug|Any CPU
		{8F13CA46-4580-4AC2-A80B-7533511E1CF2}.Debug|Any CPU.Build.0 = Debug|Any CPU
		{8F13CA46-4580-4AC2-A80B-7533511E1CF2}.Release|Any CPU.ActiveCfg = Release|Any CPU
		{8F13CA46-4580-4AC2-A80B-7533511E1CF2}.Release|Any CPU.Build.0 = Release|Any CPU
		{3F76DB48-A6FC-46DC-924E-DC5DE2AB2412}.Debug|Any CPU.ActiveCfg = Debug|Any CPU
		{3F76DB48-A6FC-46DC-924E-DC5DE2AB2412}.Debug|Any CPU.Build.0 = Debug|Any CPU
		{3F76DB48-A6FC-46DC-924E-DC5DE2AB2412}.Release|Any CPU.ActiveCfg = Release|Any CPU
		{3F76DB48-A6FC-46DC-924E-DC5DE2AB2412}.Release|Any CPU.Build.0 = Release|Any CPU
	EndGlobalSection
	GlobalSection(SolutionProperties) = preSolution
		HideSolutionNode = FALSE
	EndGlobalSection
	GlobalSection(ExtensibilityGlobals) = postSolution
		SolutionGuid = {A01F0619-C5DE-4B2F-B341-5124EA4D8C9D}
	EndGlobalSection
EndGlobal
